
Microsoft Visual Studio Solution File, Format Version 12.00
# Visual Studio Version 16
VisualStudioVersion = 16.0.31112.23
MinimumVisualStudioVersion = 10.0.40219.1
Project("{FAE04EC0-301F-11D3-BF4B-00C04F79EFBC}") = "FormsComparision", "FormsComparision\FormsComparision.csproj", "{C1661DD0-857A-4FB7-8384-EAC2951B5B46}"
EndProject
Global
	GlobalSection(SolutionConfigurationPlatforms) = preSolution
		Debug|Any CPU = Debug|Any CPU
		Release|Any CPU = Release|Any CPU
	EndGlobalSection
	GlobalSection(ProjectConfigurationPlatforms) = postSolution
		{C1661DD0-857A-4FB7-8384-EAC2951B5B46}.Debug|Any CPU.ActiveCfg = Debug|Any CPU
		{C1661DD0-857A-4FB7-8384-EAC2951B5B46}.Debug|Any CPU.Build.0 = Debug|Any CPU
		{C1661DD0-857A-4FB7-8384-EAC2951B5B46}.Release|Any CPU.ActiveCfg = Release|Any CPU
		{C1661DD0-857A-4FB7-8384-EAC2951B5B46}.Release|Any CPU.Build.0 = Release|Any CPU
	EndGlobalSection
	GlobalSection(SolutionProperties) = preSolution
		HideSolutionNode = FALSE
	EndGlobalSection
	GlobalSection(ExtensibilityGlobals) = postSolution
		SolutionGuid = {7D3D50A2-536E-4D35-8CB8-9BFCF8BFB174}
	EndGlobalSection
EndGlobal
